{
  "name": "github-memory-admin",
  "version": "0.1.0",
  "lockfileVersion": 3,
  "requires": true,
  "packages": {
    "": {
      "name": "github-memory-admin",
      "version": "0.1.0",
      "license": "MIT",
      "bin": {
        "github-memory-admin": "bin/github-memory-admin.mjs"
      },
      "engines": {
        "node": ">=20.0.0"
      }
    }
  }
}
